{
	"name": "http3.root",
	"version": "0.1.0",
	"lockfileVersion": 3,
	"requires": true,
	"packages": {
		"": {
			"name": "http3.root",
			"version": "0.1.0",
			"workspaces": [
				"packages/*"
			]
		},
		"binaries/darwin-arm64": {
			"name": "@http3-server/darwin-arm64",
			"version": "0.1.0",
			"license": "MIT-0",
			"optional": true
		},
		"binaries/darwin-x64": {
			"name": "@http3-server/darwin-x64",
			"version": "0.1.0",
			"license": "MIT-0",
			"optional": true
		},
		"binaries/linux-arm64": {
			"name": "@http3-server/linux-arm64",
			"version": "0.1.0",
			"license": "MIT-0",
			"optional": true
		},
		"binaries/linux-x64": {
			"name": "@http3-server/linux-x64",
			"version": "0.1.0",
			"license": "MIT-0",
			"optional": true
		},
		"binaries/win32-arm64": {
			"name": "@http3-server/win32-arm64",
			"version": "0.1.0",
			"license": "MIT-0",
			"optional": true
		},
		"binaries/win32-x64": {
			"name": "@http3-server/win32-x64",
			"version": "0.1.0",
			"license": "MIT-0",
			"optional": true
		},
		"node_modules/@http3-server/darwin-arm64": {
			"resolved": "binaries/darwin-arm64",
			"link": true
		},
		"node_modules/@http3-server/darwin-x64": {
			"resolved": "binaries/darwin-x64",
			"link": true
		},
		"node_modules/@http3-server/linux-arm64": {
			"resolved": "binaries/linux-arm64",
			"link": true
		},
		"node_modules/@http3-server/linux-x64": {
			"resolved": "binaries/linux-x64",
			"link": true
		},
		"node_modules/@http3-server/native": {
			"resolved": "packages/native",
			"link": true
		},
		"node_modules/@http3-server/win32-arm64": {
			"resolved": "binaries/win32-arm64",
			"link": true
		},
		"node_modules/@http3-server/win32-x64": {
			"resolved": "binaries/win32-x64",
			"link": true
		},
		"packages/http": {
			"name": "http3",
			"version": "0.1.0",
			"extraneous": true,
			"license": "MIT-0",
			"dependencies": {
				"http3-darwin-arm64": "0.1.0"
			}
		},
		"packages/http3": {
			"version": "0.1.0",
			"extraneous": true,
			"license": "MIT-0",
			"dependencies": {
				"http3-darwin-arm64": "0.1.0"
			}
		},
		"packages/http3-darwin-arm64": {
			"version": "0.1.0",
			"extraneous": true,
			"license": "MIT-0"
		},
		"packages/http3-server": {
			"version": "0.1.0",
			"extraneous": true,
			"hasInstallScript": true,
			"license": "MIT-0",
			"optionalDependencies": {
				"@http3-server/darwin-arm64": "0.1.0",
				"@http3-server/darwin-x64": "0.1.0",
				"@http3-server/linux-arm64": "0.1.0",
				"@http3-server/linux-x64": "0.1.0",
				"@http3-server/win32-arm64": "0.1.0",
				"@http3-server/win32-x64": "0.1.0"
			}
		},
		"packages/native": {
			"name": "@http3-server/native",
			"version": "0.1.0",
			"hasInstallScript": true,
			"license": "MIT-0",
			"optionalDependencies": {
				"@http3-server/darwin-arm64": "0.1.0",
				"@http3-server/darwin-x64": "0.1.0",
				"@http3-server/linux-arm64": "0.1.0",
				"@http3-server/linux-x64": "0.1.0",
				"@http3-server/win32-arm64": "0.1.0",
				"@http3-server/win32-x64": "0.1.0"
			}
		}
	}
}
